
Microsoft Visual Studio Solution File, Format Version 12.00
# Visual Studio 14
VisualStudioVersion = 14.0.25123.0
MinimumVisualStudioVersion = 10.0.40219.1
Project("{C508460F-BC70-478F-90E6-CC89198DBFFB}") = "Sitecore.Support.94463.177155", "Sitecore.Support.94463.177155\Sitecore.Support.94463.177155.csproj", "{D8681B47-BAF7-4B80-9381-783557F956BF}"
EndProject
Global
	GlobalSection(SolutionConfigurationPlatforms) = preSolution
		Debug|Any CPU = Debug|Any CPU
		Release|Any CPU = Release|Any CPU
	EndGlobalSection
	GlobalSection(ProjectConfigurationPlatforms) = postSolution
		{D8681B47-BAF7-4B80-9381-783557F956BF}.Debug|Any CPU.ActiveCfg = Debug|Any CPU
		{D8681B47-BAF7-4B80-9381-783557F956BF}.Debug|Any CPU.Build.0 = Debug|Any CPU
		{D8681B47-BAF7-4B80-9381-783557F956BF}.Release|Any CPU.ActiveCfg = Release|Any CPU
		{D8681B47-BAF7-4B80-9381-783557F956BF}.Release|Any CPU.Build.0 = Release|Any CPU
	EndGlobalSection
	GlobalSection(SolutionProperties) = preSolution
		HideSolutionNode = FALSE
	EndGlobalSection
EndGlobal
